
Microsoft Visual Studio Solution File, Format Version 12.00
# Visual Studio Version 17
VisualStudioVersion = 17.7.34003.232
MinimumVisualStudioVersion = 10.0.40219.1
Project("{FAE04EC0-301F-11D3-BF4B-00C04F79EFBC}") = "Text Dungeon sample", "Text Dungeon sample\Text Dungeon sample.csproj", "{E397A9E2-59BD-4306-A3E4-E95F8F550112}"
EndProject
Global
	GlobalSection(SolutionConfigurationPlatforms) = preSolution
		Debug|Any CPU = Debug|Any CPU
		Release|Any CPU = Release|Any CPU
	EndGlobalSection
	GlobalSection(ProjectConfigurationPlatforms) = postSolution
		{E397A9E2-59BD-4306-A3E4-E95F8F550112}.Debug|Any CPU.ActiveCfg = Debug|Any CPU
		{E397A9E2-59BD-4306-A3E4-E95F8F550112}.Debug|Any CPU.Build.0 = Debug|Any CPU
		{E397A9E2-59BD-4306-A3E4-E95F8F550112}.Release|Any CPU.ActiveCfg = Release|Any CPU
		{E397A9E2-59BD-4306-A3E4-E95F8F550112}.Release|Any CPU.Build.0 = Release|Any CPU
	EndGlobalSection
	GlobalSection(SolutionProperties) = preSolution
		HideSolutionNode = FALSE
	EndGlobalSection
	GlobalSection(ExtensibilityGlobals) = postSolution
		SolutionGuid = {07C0BF42-11A8-4E8A-B877-8AE798043378}
	EndGlobalSection
EndGlobal
